{
  "name": "weavatrix-refactor",
  "version": "0.0.1",
  "lockfileVersion": 3,
  "requires": true,
  "packages": {
    "": {
      "name": "weavatrix-refactor",
      "version": "0.0.1",
      "license": "Apache-2.0",
      "dependencies": {
        "typescript": "5.9.3",
        "weavatrix": "^0.3.11"
      },
      "bin": {
        "weavatrix-refactor-mcp": "bin/weavatrix-refactor-mcp.mjs"
      },
      "engines": {
        "node": ">=18"
      }
    },
    "node_modules/tree-sitter-wasms": {
      "version": "0.1.13",
      "resolved": "https://registry.npmjs.org/tree-sitter-wasms/-/tree-sitter-wasms-0.1.13.tgz",
      "integrity": "sha512-wT+cR6DwaIz80/vho3AvSF0N4txuNx/5bcRKoXouOfClpxh/qqrF4URNLQXbbt8MaAxeksZcZd1j8gcGjc+QxQ==",
      "license": "Unlicense",
      "dependencies": {
        "tree-sitter-wasms": "^0.1.11"
      }
    },
    "node_modules/typescript": {
      "version": "5.9.3",
      "resolved": "https://registry.npmjs.org/typescript/-/typescript-5.9.3.tgz",
      "integrity": "sha512-jl1vZzPDinLr9eUt3J/t7V6FgNEw9QjvBPdysz9KfQDD41fQrC2Y4vKQdiaUpFT4bXlb1RHhLpp8wtm6M5TgSw==",
      "license": "Apache-2.0",
      "bin": {
        "tsc": "bin/tsc",
        "tsserver": "bin/tsserver"
      },
      "engines": {
        "node": ">=14.17"
      }
    },
    "node_modules/typescript-language-server": {
      "version": "4.4.1",
      "resolved": "https://registry.npmjs.org/typescript-language-server/-/typescript-language-server-4.4.1.tgz",
      "integrity": "sha512-vEvDw+cjY75afMN2rhx0z8sQtFDAUHoBniksBmB6NUZlDt0rEIwQq01VMiqyXFm9uZwcED2475cmDeXxoDHleg==",
      "license": "Apache-2.0",
      "bin": {
        "typescript-language-server": "lib/cli.mjs"
      },
      "engines": {
        "node": ">=18"
      }
    },
    "node_modules/weavatrix": {
      "version": "0.3.11",
      "resolved": "https://registry.npmjs.org/weavatrix/-/weavatrix-0.3.11.tgz",
      "integrity": "sha512-lmSe5ZnCUKcSM7MRPwAsZGveVnHa6HmbQ9bF0qlK3DB8zc3dNPtiF46RVLBne8jI2DT+kU352wxOn6qBTVwcMg==",
      "license": "MIT",
      "dependencies": {
        "tree-sitter-wasms": "0.1.13",
        "typescript": "5.9.3",
        "typescript-language-server": "4.4.1",
        "web-tree-sitter": "0.25.10"
      },
      "bin": {
        "weavatrix-mcp": "bin/weavatrix-mcp.mjs"
      },
      "engines": {
        "node": ">=18"
      }
    },
    "node_modules/web-tree-sitter": {
      "version": "0.25.10",
      "resolved": "https://registry.npmjs.org/web-tree-sitter/-/web-tree-sitter-0.25.10.tgz",
      "integrity": "sha512-Y09sF44/13XvgVKgO2cNDw5rGk6s26MgoZPXLESvMXeefBf7i6/73eFurre0IsTW6E14Y0ArIzhUMmjoc7xyzA==",
      "license": "MIT",
      "peerDependencies": {
        "@types/emscripten": "^1.40.0"
      },
      "peerDependenciesMeta": {
        "@types/emscripten": {
          "optional": true
        }
      }
    }
  }
}
